
Microsoft Visual Studio Solution File, Format Version 12.00
# Visual Studio Version 16
VisualStudioVersion = 16.0.30523.141
MinimumVisualStudioVersion = 10.0.40219.1
Project("{FAE04EC0-301F-11D3-BF4B-00C04F79EFBC}") = "TicTacToeGame", "TicTacToeGame.csproj", "{9093AA73-CA3A-4059-AF4C-5E09BE4AF562}"
EndProject
Global
	GlobalSection(SolutionConfigurationPlatforms) = preSolution
		Debug|Any CPU = Debug|Any CPU
		Release|Any CPU = Release|Any CPU
	EndGlobalSection
	GlobalSection(ProjectConfigurationPlatforms) = postSolution
		{9093AA73-CA3A-4059-AF4C-5E09BE4AF562}.Debug|Any CPU.ActiveCfg = Debug|Any CPU
		{9093AA73-CA3A-4059-AF4C-5E09BE4AF562}.Debug|Any CPU.Build.0 = Debug|Any CPU
		{9093AA73-CA3A-4059-AF4C-5E09BE4AF562}.Release|Any CPU.ActiveCfg = Release|Any CPU
		{9093AA73-CA3A-4059-AF4C-5E09BE4AF562}.Release|Any CPU.Build.0 = Release|Any CPU
	EndGlobalSection
	GlobalSection(SolutionProperties) = preSolution
		HideSolutionNode = FALSE
	EndGlobalSection
	GlobalSection(ExtensibilityGlobals) = postSolution
		SolutionGuid = {531FC8F5-5939-47AD-9703-51EE4CBF6BDF}
	EndGlobalSection
EndGlobal
